
Microsoft Visual Studio Solution File, Format Version 12.00
# Visual Studio 15
VisualStudioVersion = 15.0.28010.2048
MinimumVisualStudioVersion = 10.0.40219.1
Project("{9A19103F-16F7-4668-BE54-9A1E7A4F7556}") = "Qobuz", "Qobuz\Qobuz.csproj", "{675BFD33-752B-4FCC-81C5-94BA5061DFF9}"
EndProject
Project("{FAE04EC0-301F-11D3-BF4B-00C04F79EFBC}") = "UnitTestDLL", "UnitTestDLL\UnitTestDLL.csproj", "{4E769BB0-19B0-471C-861A-48ACF38F951C}"
EndProject
Global
	GlobalSection(SolutionConfigurationPlatforms) = preSolution
		Debug|Any CPU = Debug|Any CPU
		Release|Any CPU = Release|Any CPU
	EndGlobalSection
	GlobalSection(ProjectConfigurationPlatforms) = postSolution
		{675BFD33-752B-4FCC-81C5-94BA5061DFF9}.Debug|Any CPU.ActiveCfg = Debug|Any CPU
		{675BFD33-752B-4FCC-81C5-94BA5061DFF9}.Debug|Any CPU.Build.0 = Debug|Any CPU
		{675BFD33-752B-4FCC-81C5-94BA5061DFF9}.Release|Any CPU.ActiveCfg = Release|Any CPU
		{675BFD33-752B-4FCC-81C5-94BA5061DFF9}.Release|Any CPU.Build.0 = Release|Any CPU
		{4E769BB0-19B0-471C-861A-48ACF38F951C}.Debug|Any CPU.ActiveCfg = Debug|Any CPU
		{4E769BB0-19B0-471C-861A-48ACF38F951C}.Debug|Any CPU.Build.0 = Debug|Any CPU
		{4E769BB0-19B0-471C-861A-48ACF38F951C}.Release|Any CPU.ActiveCfg = Release|Any CPU
		{4E769BB0-19B0-471C-861A-48ACF38F951C}.Release|Any CPU.Build.0 = Release|Any CPU
	EndGlobalSection
	GlobalSection(SolutionProperties) = preSolution
		HideSolutionNode = FALSE
	EndGlobalSection
	GlobalSection(ExtensibilityGlobals) = postSolution
		SolutionGuid = {F475526D-EC05-4231-B08C-BC79CFEE65CE}
	EndGlobalSection
EndGlobal
